schema: 1
manifest: assets/manifest.csv
manifest_sha256: 1f15974f8d3b1fb6fb212c7b86fb3ed369c94984230a3af29df24c937ef75405
entries:
  - asset_id: test1-2x2
    building_id: cn_test_rectangular_2x2_001
    house_id: 129
    building_family: urban_block
    density: urban
    era: post_2000
    footprint: 2x2
    template_id: isometric-2x2-h8
    template_spec: templates/isometric-2x2-h8/spec.json
    zoom_level: zi4
    file_path: assets/work/test1-2x2-zi4.png
    mask_path: templates/isometric-2x2-h8/zi4.mask.png
    anchor_x: 512
    anchor_y: 1408
    generator_type: ai_image
    postprocess_status: approved
    sha256: 5f8c74ba6368949a5d62a80346ef728f849907e50a950ed73457f0401ed8a467
    dimensions: 1024x1536
    zoom_levels: "zi4,zi2,normal"
    rights_status: approved
    qa_status: approved
    reviewer: user
    reviewed_at: 2026-09-27
    notes: Round 4 web calibration; standard TTD axes; uniform 2x2 fitting; ready for in-game test.
