schema: 1
manifest: assets/manifest.csv
manifest_sha256: 50fe751e49b549107c1f3c6e61138ca3170fdf78d3d7d8596f906e81bd82afd3
entries:
  - asset_id: test1-2x2
    building_id: cn_test_rectangular_2x2_001
    house_id: 129
    building_family: urban_block
    density: urban
    era: post_2000
    footprint: 2x2
    template_id: isometric-2x2-h8
    template_spec: templates/isometric-2x2-h8/spec.json
    zoom_level: zi4
    file_path: assets/work/test1-2x2-zi4.png
    mask_path: templates/isometric-2x2-h8/zi4.mask.png
    anchor_x: 512
    anchor_y: 1408
    generator_type: ai_image
    postprocess_status: approved
    sha256: 8fd35ead8b663071d9fe37807a25b4b8359cb0d8ae06951f8843f4d00648efdc
    dimensions: 1024x1536
    zoom_levels: "zi4,zi2,normal"
    rights_status: approved
    qa_status: approved
    reviewer: user
    reviewed_at: 2026-09-27
    notes: 用户确认当前 2x2 成图满意，进入打包与游戏内测试。
